
Microsoft Visual Studio Solution File, Format Version 12.00
# Visual Studio Version 16
VisualStudioVersion = 16.0.31515.178
MinimumVisualStudioVersion = 10.0.40219.1
Project("{FAE04EC0-301F-11D3-BF4B-00C04F79EFBC}") = "client", "client\client.csproj", "{F6D8FC2E-62D0-4554-AC3E-1964042590E3}"
	ProjectSection(ProjectDependencies) = postProject
		{0C97EA93-9A3A-4002-8B5D-9C6AE981B444} = {0C97EA93-9A3A-4002-8B5D-9C6AE981B444}
	EndProjectSection
EndProject
Project("{FAE04EC0-301F-11D3-BF4B-00C04F79EFBC}") = "service", "service\service.csproj", "{66C5F965-7C66-479A-9960-A3CA6080A71B}"
EndProject
Project("{FAE04EC0-301F-11D3-BF4B-00C04F79EFBC}") = "MarketDataContributorService", "MarketDataContributorService\MarketDataContributorService.csproj", "{0C97EA93-9A3A-4002-8B5D-9C6AE981B444}"
EndProject
Global
	GlobalSection(SolutionConfigurationPlatforms) = preSolution
		Debug|Any CPU = Debug|Any CPU
		Release|Any CPU = Release|Any CPU
	EndGlobalSection
	GlobalSection(ProjectConfigurationPlatforms) = postSolution
		{F6D8FC2E-62D0-4554-AC3E-1964042590E3}.Debug|Any CPU.ActiveCfg = Debug|Any CPU
		{F6D8FC2E-62D0-4554-AC3E-1964042590E3}.Debug|Any CPU.Build.0 = Debug|Any CPU
		{F6D8FC2E-62D0-4554-AC3E-1964042590E3}.Release|Any CPU.ActiveCfg = Release|Any CPU
		{F6D8FC2E-62D0-4554-AC3E-1964042590E3}.Release|Any CPU.Build.0 = Release|Any CPU
		{66C5F965-7C66-479A-9960-A3CA6080A71B}.Debug|Any CPU.ActiveCfg = Debug|Any CPU
		{66C5F965-7C66-479A-9960-A3CA6080A71B}.Debug|Any CPU.Build.0 = Debug|Any CPU
		{66C5F965-7C66-479A-9960-A3CA6080A71B}.Release|Any CPU.ActiveCfg = Release|Any CPU
		{66C5F965-7C66-479A-9960-A3CA6080A71B}.Release|Any CPU.Build.0 = Release|Any CPU
		{0C97EA93-9A3A-4002-8B5D-9C6AE981B444}.Debug|Any CPU.ActiveCfg = Debug|Any CPU
		{0C97EA93-9A3A-4002-8B5D-9C6AE981B444}.Debug|Any CPU.Build.0 = Debug|Any CPU
		{0C97EA93-9A3A-4002-8B5D-9C6AE981B444}.Release|Any CPU.ActiveCfg = Release|Any CPU
		{0C97EA93-9A3A-4002-8B5D-9C6AE981B444}.Release|Any CPU.Build.0 = Release|Any CPU
	EndGlobalSection
	GlobalSection(SolutionProperties) = preSolution
		HideSolutionNode = FALSE
	EndGlobalSection
	GlobalSection(ExtensibilityGlobals) = postSolution
		SolutionGuid = {62BE9261-FE9A-4552-8A0F-96A0BF834BF1}
	EndGlobalSection
EndGlobal
